<?xml version="1.0" encoding="utf-8"?>
<Project ToolsVersion="4.0" xmlns="http://schemas.microsoft.com/developer/msbuild/2003">
  <ItemGroup>
    <ClCompile Include="Primitives\DebugGuiManager.cpp">
      <Filter>Primitives</Filter>
    </ClCompile>
    <ClCompile Include="Primitives\DebugGuiManager_moc.cpp">
      <Filter>Primitives</Filter>
    </ClCompile>
    <ClCompile Include="Primitives\DebugSlider.cpp">
      <Filter>Primitives</Filter>
    </ClCompile>
    <ClCompile Include="Primitives\DebugSlider_moc.cpp">
      <Filter>Primitives</Filter>
    </ClCompile>
    <ClCompile Include="Primitives\Mainer.cpp">
      <Filter>Primitives</Filter>
    </ClCompile>
    <ClCompile Include="Primitives\ShapeGenerator.cpp">
      <Filter>Primitives</Filter>
    </ClCompile>
    <ClCompile Include="Camera.cpp" />
    <ClCompile Include="Mainer.cpp" />
    <ClCompile Include="MeGlWindow.cpp" />
    <ClCompile Include="MeWidget.cpp" />
    <ClCompile Include="MeWidget_moc.cpp" />
    <ClCompile Include="MeGlWindow_moc.cpp" />
  </ItemGroup>
  <ItemGroup>
    <ClInclude Include="Primitives\DebugGuiManager.h">
      <Filter>Primitives</Filter>
    </ClInclude>
    <ClInclude Include="Primitives\DebugSlider.h">
      <Filter>Primitives</Filter>
    </ClInclude>
    <ClInclude Include="Primitives\FastDelegate.h">
      <Filter>Primitives</Filter>
    </ClInclude>
    <ClInclude Include="Primitives\ShapeData.h">
      <Filter>Primitives</Filter>
    </ClInclude>
    <ClInclude Include="Primitives\ShapeGenerator.h">
      <Filter>Primitives</Filter>
    </ClInclude>
    <ClInclude Include="Primitives\TeapotData.h">
      <Filter>Primitives</Filter>
    </ClInclude>
    <ClInclude Include="Primitives\TypeDefs.h">
      <Filter>Primitives</Filter>
    </ClInclude>
    <ClInclude Include="Primitives\Vertex.h">
      <Filter>Primitives</Filter>
    </ClInclude>
    <ClInclude Include="Camera.h" />
    <ClInclude Include="MeGlWindow.h" />
    <ClInclude Include="MeWidget.h" />
    <ClInclude Include="MyModel.h" />
  </ItemGroup>
  <ItemGroup>
    <Filter Include="Primitives">
      <UniqueIdentifier>{251c8791-172c-4fca-92b5-422fb80769f0}</UniqueIdentifier>
    </Filter>
  </ItemGroup>
  <ItemGroup>
    <None Include="FragmentShaderCode.glsl" />
    <None Include="VertexShaderCode.glsl" />
  </ItemGroup>
  <ItemGroup>
    <Image Include="NormalMap.png" />
    <Image Include="Texture1.png" />
    <Image Include="Texture2.png" />
    <Image Include="negx.png" />
    <Image Include="negy.png" />
    <Image Include="negz.png" />
    <Image Include="posx.png" />
    <Image Include="posy.png" />
    <Image Include="posz.png" />
  </ItemGroup>
</Project>